
Microsoft Visual Studio Solution File, Format Version 12.00
# Visual Studio Version 16
VisualStudioVersion = 16.0.31515.178
MinimumVisualStudioVersion = 10.0.40219.1
Project("{FAE04EC0-301F-11D3-BF4B-00C04F79EFBC}") = "BarnettCollege", "BarnettCollege\BarnettCollege.csproj", "{FDC24352-82A3-4DFF-802B-560F72A1A01C}"
EndProject
Global
	GlobalSection(SolutionConfigurationPlatforms) = preSolution
		Debug|Any CPU = Debug|Any CPU
		Release|Any CPU = Release|Any CPU
	EndGlobalSection
	GlobalSection(ProjectConfigurationPlatforms) = postSolution
		{FDC24352-82A3-4DFF-802B-560F72A1A01C}.Debug|Any CPU.ActiveCfg = Debug|Any CPU
		{FDC24352-82A3-4DFF-802B-560F72A1A01C}.Debug|Any CPU.Build.0 = Debug|Any CPU
		{FDC24352-82A3-4DFF-802B-560F72A1A01C}.Release|Any CPU.ActiveCfg = Release|Any CPU
		{FDC24352-82A3-4DFF-802B-560F72A1A01C}.Release|Any CPU.Build.0 = Release|Any CPU
	EndGlobalSection
	GlobalSection(SolutionProperties) = preSolution
		HideSolutionNode = FALSE
	EndGlobalSection
	GlobalSection(ExtensibilityGlobals) = postSolution
		SolutionGuid = {CB10B011-693D-4042-B7E3-04247D8E81DB}
	EndGlobalSection
EndGlobal
